{
  "lockfileVersion": 1,
  "configVersion": 1,
  "workspaces": {
    "": {
      "name": "cccdev",
      "devDependencies": {
        "@types/bun": "^1.3.10",
        "oxfmt": "^0.40.0",
        "oxlint": "^1.55.0",
        "typescript": "^5.9.3",
      },
    },
  },
  "packages": {
    "@oxfmt/binding-android-arm-eabi": ["@oxfmt/binding-android-arm-eabi@0.40.0", "https://mirrors.tencent.com/npm/@oxfmt/binding-android-arm-eabi/-/binding-android-arm-eabi-0.40.0.tgz", { "os": "android", "cpu": "arm" }, "sha512-S6zd5r1w/HmqR8t0CTnGjFTBLDq2QKORPwriCHxo4xFNuhmOTABGjPaNvCJJVnrKBLsohOeiDX3YqQfJPF+FXw=="],

    "@oxfmt/binding-android-arm64": ["@oxfmt/binding-android-arm64@0.40.0", "https://mirrors.tencent.com/npm/@oxfmt/binding-android-arm64/-/binding-android-arm64-0.40.0.tgz", { "os": "android", "cpu": "arm64" }, "sha512-/mbS9UUP/5Vbl2D6osIdcYiP0oie63LKMoTyGj5hyMCK/SFkl3EhtyRAfdjPvuvHC0SXdW6ePaTKkBSq1SNcIw=="],

    "@oxfmt/binding-darwin-arm64": ["@oxfmt/binding-darwin-arm64@0.40.0", "https://mirrors.tencent.com/npm/@oxfmt/binding-darwin-arm64/-/binding-darwin-arm64-0.40.0.tgz", { "os": "darwin", "cpu": "arm64" }, "sha512-wRt8fRdfLiEhnRMBonlIbKrJWixoEmn6KCjKE9PElnrSDSXETGZfPb8ee+nQNTobXkCVvVLytp2o0obAsxl78Q=="],

    "@oxfmt/binding-darwin-x64": ["@oxfmt/binding-darwin-x64@0.40.0", "https://mirrors.tencent.com/npm/@oxfmt/binding-darwin-x64/-/binding-darwin-x64-0.40.0.tgz", { "os": "darwin", "cpu": "x64" }, "sha512-fzowhqbOE/NRy+AE5ob0+Y4X243WbWzDb00W+pKwD7d9tOqsAFbtWUwIyqqCoCLxj791m2xXIEeLH/3uz7zCCg=="],

    "@oxfmt/binding-freebsd-x64": ["@oxfmt/binding-freebsd-x64@0.40.0", "https://mirrors.tencent.com/npm/@oxfmt/binding-freebsd-x64/-/binding-freebsd-x64-0.40.0.tgz", { "os": "freebsd", "cpu": "x64" }, "sha512-agZ9ITaqdBjcerRRFEHB8s0OyVcQW8F9ZxsszjxzeSthQ4fcN2MuOtQFWec1ed8/lDa50jSLHVE2/xPmTgtCfQ=="],

    "@oxfmt/binding-linux-arm-gnueabihf": ["@oxfmt/binding-linux-arm-gnueabihf@0.40.0", "https://mirrors.tencent.com/npm/@oxfmt/binding-linux-arm-gnueabihf/-/binding-linux-arm-gnueabihf-0.40.0.tgz", { "os": "linux", "cpu": "arm" }, "sha512-ZM2oQ47p28TP1DVIp7HL1QoMUgqlBFHey0ksHct7tMXoU5BqjNvPWw7888azzMt25lnyPODVuye1wvNbvVUFOA=="],

    "@oxfmt/binding-linux-arm-musleabihf": ["@oxfmt/binding-linux-arm-musleabihf@0.40.0", "https://mirrors.tencent.com/npm/@oxfmt/binding-linux-arm-musleabihf/-/binding-linux-arm-musleabihf-0.40.0.tgz", { "os": "linux", "cpu": "arm" }, "sha512-RBFPAxRAIsMisKM47Oe6Lwdv6agZYLz02CUhVCD1sOv5ajAcRMrnwCFBPWwGXpazToW2mjnZxFos8TuFjTU15A=="],

    "@oxfmt/binding-linux-arm64-gnu": ["@oxfmt/binding-linux-arm64-gnu@0.40.0", "https://mirrors.tencent.com/npm/@oxfmt/binding-linux-arm64-gnu/-/binding-linux-arm64-gnu-0.40.0.tgz", { "os": "linux", "cpu": "arm64" }, "sha512-Nb2XbQ+wV3W2jSIihXdPj7k83eOxeSgYP3N/SRXvQ6ZYPIk6Q86qEh5Gl/7OitX3bQoQrESqm1yMLvZV8/J7dA=="],

    "@oxfmt/binding-linux-arm64-musl": ["@oxfmt/binding-linux-arm64-musl@0.40.0", "https://mirrors.tencent.com/npm/@oxfmt/binding-linux-arm64-musl/-/binding-linux-arm64-musl-0.40.0.tgz", { "os": "linux", "cpu": "arm64" }, "sha512-tGmWhLD/0YMotCdfezlT6tC/MJG/wKpo4vnQ3Cq+4eBk/BwNv7EmkD0VkD5F/dYkT3b8FNU01X2e8vvJuWoM1w=="],

    "@oxfmt/binding-linux-ppc64-gnu": ["@oxfmt/binding-linux-ppc64-gnu@0.40.0", "https://mirrors.tencent.com/npm/@oxfmt/binding-linux-ppc64-gnu/-/binding-linux-ppc64-gnu-0.40.0.tgz", { "os": "linux", "cpu": "ppc64" }, "sha512-rVbFyM3e7YhkVnp0IVYjaSHfrBWcTRWb60LEcdNAJcE2mbhTpbqKufx0FrhWfoxOrW/+7UJonAOShoFFLigDqQ=="],

    "@oxfmt/binding-linux-riscv64-gnu": ["@oxfmt/binding-linux-riscv64-gnu@0.40.0", "https://mirrors.tencent.com/npm/@oxfmt/binding-linux-riscv64-gnu/-/binding-linux-riscv64-gnu-0.40.0.tgz", { "os": "linux", "cpu": "none" }, "sha512-3ZqBw14JtWeEoLiioJcXSJz8RQyPE+3jLARnYM1HdPzZG4vk+Ua8CUupt2+d+vSAvMyaQBTN2dZK+kbBS/j5mA=="],

    "@oxfmt/binding-linux-riscv64-musl": ["@oxfmt/binding-linux-riscv64-musl@0.40.0", "https://mirrors.tencent.com/npm/@oxfmt/binding-linux-riscv64-musl/-/binding-linux-riscv64-musl-0.40.0.tgz", { "os": "linux", "cpu": "none" }, "sha512-JJ4PPSdcbGBjPvb+O7xYm2FmAsKCyuEMYhqatBAHMp/6TA6rVlf9Z/sYPa4/3Bommb+8nndm15SPFRHEPU5qFA=="],

    "@oxfmt/binding-linux-s390x-gnu": ["@oxfmt/binding-linux-s390x-gnu@0.40.0", "https://mirrors.tencent.com/npm/@oxfmt/binding-linux-s390x-gnu/-/binding-linux-s390x-gnu-0.40.0.tgz", { "os": "linux", "cpu": "s390x" }, "sha512-Kp0zNJoX9Ik77wUya2tpBY3W9f40VUoMQLWVaob5SgCrblH/t2xr/9B2bWHfs0WCefuGmqXcB+t0Lq77sbBmZw=="],

    "@oxfmt/binding-linux-x64-gnu": ["@oxfmt/binding-linux-x64-gnu@0.40.0", "https://mirrors.tencent.com/npm/@oxfmt/binding-linux-x64-gnu/-/binding-linux-x64-gnu-0.40.0.tgz", { "os": "linux", "cpu": "x64" }, "sha512-7YTCNzleWTaQTqNGUNQ66qVjpoV6DjbCOea+RnpMBly2bpzrI/uu7Rr+2zcgRfNxyjXaFTVQKaRKjqVdeUfeVA=="],

    "@oxfmt/binding-linux-x64-musl": ["@oxfmt/binding-linux-x64-musl@0.40.0", "https://mirrors.tencent.com/npm/@oxfmt/binding-linux-x64-musl/-/binding-linux-x64-musl-0.40.0.tgz", { "os": "linux", "cpu": "x64" }, "sha512-hWnSzJ0oegeOwfOEeejYXfBqmnRGHusgtHfCPzmvJvHTwy1s3Neo59UKc1CmpE3zxvrCzJoVHos0rr97GHMNPw=="],

    "@oxfmt/binding-openharmony-arm64": ["@oxfmt/binding-openharmony-arm64@0.40.0", "https://mirrors.tencent.com/npm/@oxfmt/binding-openharmony-arm64/-/binding-openharmony-arm64-0.40.0.tgz", { "os": "none", "cpu": "arm64" }, "sha512-28sJC1lR4qtBJGzSRRbPnSW3GxU2+4YyQFE6rCmsUYqZ5XYH8jg0/w+CvEzQ8TuAQz5zLkcA25nFQGwoU0PT3Q=="],

    "@oxfmt/binding-win32-arm64-msvc": ["@oxfmt/binding-win32-arm64-msvc@0.40.0", "https://mirrors.tencent.com/npm/@oxfmt/binding-win32-arm64-msvc/-/binding-win32-arm64-msvc-0.40.0.tgz", { "os": "win32", "cpu": "arm64" }, "sha512-cDkRnyT0dqwF5oIX1Cv59HKCeZQFbWWdUpXa3uvnHFT2iwYSSZspkhgjXjU6iDp5pFPaAEAe9FIbMoTgkTmKPg=="],

    "@oxfmt/binding-win32-ia32-msvc": ["@oxfmt/binding-win32-ia32-msvc@0.40.0", "https://mirrors.tencent.com/npm/@oxfmt/binding-win32-ia32-msvc/-/binding-win32-ia32-msvc-0.40.0.tgz", { "os": "win32", "cpu": "ia32" }, "sha512-7rPemBJjqm5Gkv6ZRCPvK8lE6AqQ/2z31DRdWazyx2ZvaSgL7QGofHXHNouRpPvNsT9yxRNQJgigsWkc+0qg4w=="],

    "@oxfmt/binding-win32-x64-msvc": ["@oxfmt/binding-win32-x64-msvc@0.40.0", "https://mirrors.tencent.com/npm/@oxfmt/binding-win32-x64-msvc/-/binding-win32-x64-msvc-0.40.0.tgz", { "os": "win32", "cpu": "x64" }, "sha512-/Zmj0yTYSvmha6TG1QnoLqVT7ZMRDqXvFXXBQpIjteEwx9qvUYMBH2xbiOFhDeMUJkGwC3D6fdKsFtaqUvkwNA=="],

    "@oxlint/binding-android-arm-eabi": ["@oxlint/binding-android-arm-eabi@1.55.0", "https://mirrors.tencent.com/npm/@oxlint/binding-android-arm-eabi/-/binding-android-arm-eabi-1.55.0.tgz", { "os": "android", "cpu": "arm" }, "sha512-NhvgAhncTSOhRahQSCnkK/4YIGPjTmhPurQQ2dwt2IvwCMTvZRW5vF2K10UBOxFve4GZDMw6LtXZdC2qeuYIVQ=="],

    "@oxlint/binding-android-arm64": ["@oxlint/binding-android-arm64@1.55.0", "https://mirrors.tencent.com/npm/@oxlint/binding-android-arm64/-/binding-android-arm64-1.55.0.tgz", { "os": "android", "cpu": "arm64" }, "sha512-P9iWRh+Ugqhg+D7rkc7boHX8o3H2h7YPcZHQIgvVBgnua5tk4LR2L+IBlreZs58/95cd2x3/004p5VsQM9z4SA=="],

    "@oxlint/binding-darwin-arm64": ["@oxlint/binding-darwin-arm64@1.55.0", "https://mirrors.tencent.com/npm/@oxlint/binding-darwin-arm64/-/binding-darwin-arm64-1.55.0.tgz", { "os": "darwin", "cpu": "arm64" }, "sha512-esakkJIt7WFAhT30P/Qzn96ehFpzdZ1mNuzpOb8SCW7lI4oB8VsyQnkSHREM671jfpuBb/o2ppzBCx5l0jpgMA=="],

    "@oxlint/binding-darwin-x64": ["@oxlint/binding-darwin-x64@1.55.0", "https://mirrors.tencent.com/npm/@oxlint/binding-darwin-x64/-/binding-darwin-x64-1.55.0.tgz", { "os": "darwin", "cpu": "x64" }, "sha512-xDMFRCCAEK9fOH6As2z8ELsC+VDGSFRHwIKVSilw+xhgLwTDFu37rtmRbmUlx8rRGS6cWKQPTc47AVxAZEVVPQ=="],

    "@oxlint/binding-freebsd-x64": ["@oxlint/binding-freebsd-x64@1.55.0", "https://mirrors.tencent.com/npm/@oxlint/binding-freebsd-x64/-/binding-freebsd-x64-1.55.0.tgz", { "os": "freebsd", "cpu": "x64" }, "sha512-mYZqnwUD7ALCRxGenyLd1uuG+rHCL+OTT6S8FcAbVm/ZT2AZMGjvibp3F6k1SKOb2aeqFATmwRykrE41Q0GWVw=="],

    "@oxlint/binding-linux-arm-gnueabihf": ["@oxlint/binding-linux-arm-gnueabihf@1.55.0", "https://mirrors.tencent.com/npm/@oxlint/binding-linux-arm-gnueabihf/-/binding-linux-arm-gnueabihf-1.55.0.tgz", { "os": "linux", "cpu": "arm" }, "sha512-LcX6RYcF9vL9ESGwJW3yyIZ/d/ouzdOKXxCdey1q0XJOW1asrHsIg5MmyKdEBR4plQx+shvYeQne7AzW5f3T1w=="],

    "@oxlint/binding-linux-arm-musleabihf": ["@oxlint/binding-linux-arm-musleabihf@1.55.0", "https://mirrors.tencent.com/npm/@oxlint/binding-linux-arm-musleabihf/-/binding-linux-arm-musleabihf-1.55.0.tgz", { "os": "linux", "cpu": "arm" }, "sha512-C+8GS1rPtK+dI7mJFkqoRBkDuqbrNihnyYQsJPS9ez+8zF9JzfvU19lawqt4l/Y23o5uQswE/DORa8aiXUih3w=="],

    "@oxlint/binding-linux-arm64-gnu": ["@oxlint/binding-linux-arm64-gnu@1.55.0", "https://mirrors.tencent.com/npm/@oxlint/binding-linux-arm64-gnu/-/binding-linux-arm64-gnu-1.55.0.tgz", { "os": "linux", "cpu": "arm64" }, "sha512-ErLE4XbmcCopA4/CIDiH6J1IAaDOMnf/KSx/aFObs4/OjAAM3sFKWGZ57pNOMxhhyBdcmcXwYymph9GwcpcqgQ=="],

    "@oxlint/binding-linux-arm64-musl": ["@oxlint/binding-linux-arm64-musl@1.55.0", "https://mirrors.tencent.com/npm/@oxlint/binding-linux-arm64-musl/-/binding-linux-arm64-musl-1.55.0.tgz", { "os": "linux", "cpu": "arm64" }, "sha512-/kp65avi6zZfqEng56TTuhiy3P/3pgklKIdf38yvYeJ9/PgEeRA2A2AqKAKbZBNAqUzrzHhz9jF6j/PZvhJzTQ=="],

    "@oxlint/binding-linux-ppc64-gnu": ["@oxlint/binding-linux-ppc64-gnu@1.55.0", "https://mirrors.tencent.com/npm/@oxlint/binding-linux-ppc64-gnu/-/binding-linux-ppc64-gnu-1.55.0.tgz", { "os": "linux", "cpu": "ppc64" }, "sha512-A6pTdXwcEEwL/nmz0eUJ6WxmxcoIS+97GbH96gikAyre3s5deC7sts38ZVVowjS2QQFuSWkpA4ZmQC0jZSNvJQ=="],

    "@oxlint/binding-linux-riscv64-gnu": ["@oxlint/binding-linux-riscv64-gnu@1.55.0", "https://mirrors.tencent.com/npm/@oxlint/binding-linux-riscv64-gnu/-/binding-linux-riscv64-gnu-1.55.0.tgz", { "os": "linux", "cpu": "none" }, "sha512-clj0lnIN+V52G9tdtZl0LbdTSurnZ1NZj92Je5X4lC7gP5jiCSW+Y/oiDiSauBAD4wrHt2S7nN3pA0zfKYK/6Q=="],

    "@oxlint/binding-linux-riscv64-musl": ["@oxlint/binding-linux-riscv64-musl@1.55.0", "https://mirrors.tencent.com/npm/@oxlint/binding-linux-riscv64-musl/-/binding-linux-riscv64-musl-1.55.0.tgz", { "os": "linux", "cpu": "none" }, "sha512-NNu08pllN5x/O94/sgR3DA8lbrGBnTHsINZZR0hcav1sj79ksTiKKm1mRzvZvacwQ0hUnGinFo+JO75ok2PxYg=="],

    "@oxlint/binding-linux-s390x-gnu": ["@oxlint/binding-linux-s390x-gnu@1.55.0", "https://mirrors.tencent.com/npm/@oxlint/binding-linux-s390x-gnu/-/binding-linux-s390x-gnu-1.55.0.tgz", { "os": "linux", "cpu": "s390x" }, "sha512-BvfQz3PRlWZRoEZ17dZCqgQsMRdpzGZomJkVATwCIGhHVVeHJMQdmdXPSjcT1DCNUrOjXnVyj1RGDj5+/Je2+Q=="],

    "@oxlint/binding-linux-x64-gnu": ["@oxlint/binding-linux-x64-gnu@1.55.0", "https://mirrors.tencent.com/npm/@oxlint/binding-linux-x64-gnu/-/binding-linux-x64-gnu-1.55.0.tgz", { "os": "linux", "cpu": "x64" }, "sha512-ngSOoFCSBMKVQd24H8zkbcBNc7EHhjnF1sv3mC9NNXQ/4rRjI/4Dj9+9XoDZeFEkF1SX1COSBXF1b2Pr9rqdEw=="],

    "@oxlint/binding-linux-x64-musl": ["@oxlint/binding-linux-x64-musl@1.55.0", "https://mirrors.tencent.com/npm/@oxlint/binding-linux-x64-musl/-/binding-linux-x64-musl-1.55.0.tgz", { "os": "linux", "cpu": "x64" }, "sha512-BDpP7W8GlaG7BR6QjGZAleYzxoyKc/D24spZIF2mB3XsfALQJJT/OBmP8YpeTb1rveFSBHzl8T7l0aqwkWNdGA=="],

    "@oxlint/binding-openharmony-arm64": ["@oxlint/binding-openharmony-arm64@1.55.0", "https://mirrors.tencent.com/npm/@oxlint/binding-openharmony-arm64/-/binding-openharmony-arm64-1.55.0.tgz", { "os": "none", "cpu": "arm64" }, "sha512-PS6GFvmde/pc3fCA2Srt51glr8Lcxhpf6WIBFfLphndjRrD34NEcses4TSxQrEcxYo6qVywGfylM0ZhSCF2gGA=="],

    "@oxlint/binding-win32-arm64-msvc": ["@oxlint/binding-win32-arm64-msvc@1.55.0", "https://mirrors.tencent.com/npm/@oxlint/binding-win32-arm64-msvc/-/binding-win32-arm64-msvc-1.55.0.tgz", { "os": "win32", "cpu": "arm64" }, "sha512-P6JcLJGs/q1UOvDLzN8otd9JsH4tsuuPDv+p7aHqHM3PrKmYdmUvkNj4K327PTd35AYcznOCN+l4ZOaq76QzSw=="],

    "@oxlint/binding-win32-ia32-msvc": ["@oxlint/binding-win32-ia32-msvc@1.55.0", "https://mirrors.tencent.com/npm/@oxlint/binding-win32-ia32-msvc/-/binding-win32-ia32-msvc-1.55.0.tgz", { "os": "win32", "cpu": "ia32" }, "sha512-gzkk4zE2zsE+WmRxFOiAZHpCpUNDFytEakqNXoNHW+PnYEOTPKDdW6nrzgSeTbGKVPXNAKQnRnMgrh7+n3Xueg=="],

    "@oxlint/binding-win32-x64-msvc": ["@oxlint/binding-win32-x64-msvc@1.55.0", "https://mirrors.tencent.com/npm/@oxlint/binding-win32-x64-msvc/-/binding-win32-x64-msvc-1.55.0.tgz", { "os": "win32", "cpu": "x64" }, "sha512-ZFALNow2/og75gvYzNP7qe+rREQ5xunktwA+lgykoozHZ6hw9bqg4fn5j2UvG4gIn1FXqrZHkOAXuPf5+GOYTQ=="],

    "@types/bun": ["@types/bun@1.3.10", "https://mirrors.tencent.com/npm/@types/bun/-/bun-1.3.10.tgz", { "dependencies": { "bun-types": "1.3.10" } }, "sha512-0+rlrUrOrTSskibryHbvQkDOWRJwJZqZlxrUs1u4oOoTln8+WIXBPmAuCF35SWB2z4Zl3E84Nl/D0P7803nigQ=="],

    "@types/node": ["@types/node@25.5.0", "https://mirrors.tencent.com/npm/@types/node/-/node-25.5.0.tgz", { "dependencies": { "undici-types": "~7.18.0" } }, "sha512-jp2P3tQMSxWugkCUKLRPVUpGaL5MVFwF8RDuSRztfwgN1wmqJeMSbKlnEtQqU8UrhTmzEmZdu2I6v2dpp7XIxw=="],

    "bun-types": ["bun-types@1.3.10", "https://mirrors.tencent.com/npm/bun-types/-/bun-types-1.3.10.tgz", { "dependencies": { "@types/node": "*" } }, "sha512-tcpfCCl6XWo6nCVnpcVrxQ+9AYN1iqMIzgrSKYMB/fjLtV2eyAVEg7AxQJuCq/26R6HpKWykQXuSOq/21RYcbg=="],

    "oxfmt": ["oxfmt@0.40.0", "https://mirrors.tencent.com/npm/oxfmt/-/oxfmt-0.40.0.tgz", { "dependencies": { "tinypool": "2.1.0" }, "optionalDependencies": { "@oxfmt/binding-android-arm-eabi": "0.40.0", "@oxfmt/binding-android-arm64": "0.40.0", "@oxfmt/binding-darwin-arm64": "0.40.0", "@oxfmt/binding-darwin-x64": "0.40.0", "@oxfmt/binding-freebsd-x64": "0.40.0", "@oxfmt/binding-linux-arm-gnueabihf": "0.40.0", "@oxfmt/binding-linux-arm-musleabihf": "0.40.0", "@oxfmt/binding-linux-arm64-gnu": "0.40.0", "@oxfmt/binding-linux-arm64-musl": "0.40.0", "@oxfmt/binding-linux-ppc64-gnu": "0.40.0", "@oxfmt/binding-linux-riscv64-gnu": "0.40.0", "@oxfmt/binding-linux-riscv64-musl": "0.40.0", "@oxfmt/binding-linux-s390x-gnu": "0.40.0", "@oxfmt/binding-linux-x64-gnu": "0.40.0", "@oxfmt/binding-linux-x64-musl": "0.40.0", "@oxfmt/binding-openharmony-arm64": "0.40.0", "@oxfmt/binding-win32-arm64-msvc": "0.40.0", "@oxfmt/binding-win32-ia32-msvc": "0.40.0", "@oxfmt/binding-win32-x64-msvc": "0.40.0" }, "bin": { "oxfmt": "bin/oxfmt" } }, "sha512-g0C3I7xUj4b4DcagevM9kgH6+pUHytikxUcn3/VUkvzTNaaXBeyZqb7IBsHwojeXm4mTBEC/aBjBTMVUkZwWUQ=="],

    "oxlint": ["oxlint@1.55.0", "https://mirrors.tencent.com/npm/oxlint/-/oxlint-1.55.0.tgz", { "optionalDependencies": { "@oxlint/binding-android-arm-eabi": "1.55.0", "@oxlint/binding-android-arm64": "1.55.0", "@oxlint/binding-darwin-arm64": "1.55.0", "@oxlint/binding-darwin-x64": "1.55.0", "@oxlint/binding-freebsd-x64": "1.55.0", "@oxlint/binding-linux-arm-gnueabihf": "1.55.0", "@oxlint/binding-linux-arm-musleabihf": "1.55.0", "@oxlint/binding-linux-arm64-gnu": "1.55.0", "@oxlint/binding-linux-arm64-musl": "1.55.0", "@oxlint/binding-linux-ppc64-gnu": "1.55.0", "@oxlint/binding-linux-riscv64-gnu": "1.55.0", "@oxlint/binding-linux-riscv64-musl": "1.55.0", "@oxlint/binding-linux-s390x-gnu": "1.55.0", "@oxlint/binding-linux-x64-gnu": "1.55.0", "@oxlint/binding-linux-x64-musl": "1.55.0", "@oxlint/binding-openharmony-arm64": "1.55.0", "@oxlint/binding-win32-arm64-msvc": "1.55.0", "@oxlint/binding-win32-ia32-msvc": "1.55.0", "@oxlint/binding-win32-x64-msvc": "1.55.0" }, "peerDependencies": { "oxlint-tsgolint": ">=0.15.0" }, "optionalPeers": ["oxlint-tsgolint"], "bin": { "oxlint": "bin/oxlint" } }, "sha512-T+FjepiyWpaZMhekqRpH8Z3I4vNM610p6w+Vjfqgj5TZUxHXl7N8N5IPvmOU8U4XdTRxqtNNTh9Y4hLtr7yvFg=="],

    "tinypool": ["tinypool@2.1.0", "https://mirrors.tencent.com/npm/tinypool/-/tinypool-2.1.0.tgz", {}, "sha512-Pugqs6M0m7Lv1I7FtxN4aoyToKg1C4tu+/381vH35y8oENM/Ai7f7C4StcoK4/+BSw9ebcS8jRiVrORFKCALLw=="],

    "typescript": ["typescript@5.9.3", "https://mirrors.tencent.com/npm/typescript/-/typescript-5.9.3.tgz", { "bin": { "tsc": "bin/tsc", "tsserver": "bin/tsserver" } }, "sha512-jl1vZzPDinLr9eUt3J/t7V6FgNEw9QjvBPdysz9KfQDD41fQrC2Y4vKQdiaUpFT4bXlb1RHhLpp8wtm6M5TgSw=="],

    "undici-types": ["undici-types@7.18.2", "https://mirrors.tencent.com/npm/undici-types/-/undici-types-7.18.2.tgz", {}, "sha512-AsuCzffGHJybSaRrmr5eHr81mwJU3kjw6M+uprWvCXiNeN9SOGwQ3Jn8jb8m3Z6izVgknn1R0FTCEAP2QrLY/w=="],
  }
}
